// !$*UTF8*$!
{
	archiveVersion = 1;
	classes = {
	};
	objectVersion = 46;
	objects = {

/* Begin PBXBuildFile section */
		68C4A0AB58BCA1E2BFA4D2A4 /* Pods_NYTimesChallenge.framework in Frameworks */ = {isa = PBXBuildFile; fileRef = 40D7F9C7657466E5E46C7DA2 /* Pods_NYTimesChallenge.framework */; };
		72268C761E5641B200F96DB9 /* AppDelegate.swift in Sources */ = {isa = PBXBuildFile; fileRef = 72268C751E5641B200F96DB9 /* AppDelegate.swift */; };
		72268C781E5641B200F96DB9 /* HomeViewController.swift in Sources */ = {isa = PBXBuildFile; fileRef = 72268C771E5641B200F96DB9 /* HomeViewController.swift */; };
		72268C7B1E5641B200F96DB9 /* Main.storyboard in Resources */ = {isa = PBXBuildFile; fileRef = 72268C791E5641B200F96DB9 /* Main.storyboard */; };
		72268C7D1E5641B200F96DB9 /* Assets.xcassets in Resources */ = {isa = PBXBuildFile; fileRef = 72268C7C1E5641B200F96DB9 /* Assets.xcassets */; };
		72268C801E5641B200F96DB9 /* LaunchScreen.storyboard in Resources */ = {isa = PBXBuildFile; fileRef = 72268C7E1E5641B200F96DB9 /* LaunchScreen.storyboard */; };
		72268C8B1E5641B200F96DB9 /* NYTimesChallengeTests.swift in Sources */ = {isa = PBXBuildFile; fileRef = 72268C8A1E5641B200F96DB9 /* NYTimesChallengeTests.swift */; };
		72268C961E5641B200F96DB9 /* NYTimesChallengeUITests.swift in Sources */ = {isa = PBXBuildFile; fileRef = 72268C951E5641B200F96DB9 /* NYTimesChallengeUITests.swift */; };
		72268CA61E564BAB00F96DB9 /* APICallManager.swift in Sources */ = {isa = PBXBuildFile; fileRef = 72268CA51E564BAB00F96DB9 /* APICallManager.swift */; };
		72268CA81E56565300F96DB9 /* Keys.plist in Resources */ = {isa = PBXBuildFile; fileRef = 72268CA71E56565300F96DB9 /* Keys.plist */; };
		72268CAB1E5658F200F96DB9 /* AppUtilities.swift in Sources */ = {isa = PBXBuildFile; fileRef = 72268CAA1E5658F200F96DB9 /* AppUtilities.swift */; };
		72268CAE1E565BD000F96DB9 /* Config.swift in Sources */ = {isa = PBXBuildFile; fileRef = 72268CAD1E565BD000F96DB9 /* Config.swift */; };
		72268CEA1E576E1000F96DB9 /* BestSellerListModel.swift in Sources */ = {isa = PBXBuildFile; fileRef = 72268CE91E576E1000F96DB9 /* BestSellerListModel.swift */; };
		72268CEC1E578C3500F96DB9 /* DataParseManager.swift in Sources */ = {isa = PBXBuildFile; fileRef = 72268CEB1E578C3500F96DB9 /* DataParseManager.swift */; };
		72268CEE1E57997400F96DB9 /* UserModel.swift in Sources */ = {isa = PBXBuildFile; fileRef = 72268CED1E57997400F96DB9 /* UserModel.swift */; };
		72268CF01E57BECD00F96DB9 /* OverviewBookModel.swift in Sources */ = {isa = PBXBuildFile; fileRef = 72268CEF1E57BECD00F96DB9 /* OverviewBookModel.swift */; };
		72268CF81E57D2AF00F96DB9 /* WhitneyCondensed-Semibold.otf in Resources */ = {isa = PBXBuildFile; fileRef = 72268CF21E57D2AF00F96DB9 /* WhitneyCondensed-Semibold.otf */; };
		72268CF91E57D2AF00F96DB9 /* WhitneyCondensed-Medium.otf in Resources */ = {isa = PBXBuildFile; fileRef = 72268CF31E57D2AF00F96DB9 /* WhitneyCondensed-Medium.otf */; };
		72268CFA1E57D2AF00F96DB9 /* WhitneyCondensed-Light.otf in Resources */ = {isa = PBXBuildFile; fileRef = 72268CF41E57D2AF00F96DB9 /* WhitneyCondensed-Light.otf */; };
		72268CFB1E57D2AF00F96DB9 /* WhitneyCondensed-Book.otf in Resources */ = {isa = PBXBuildFile; fileRef = 72268CF51E57D2AF00F96DB9 /* WhitneyCondensed-Book.otf */; };
		72268CFC1E57D2AF00F96DB9 /* WhitneyCondensed-Bold.otf in Resources */ = {isa = PBXBuildFile; fileRef = 72268CF61E57D2AF00F96DB9 /* WhitneyCondensed-Bold.otf */; };
		72268CFD1E57D2AF00F96DB9 /* WhitneyCondensed-Black.otf in Resources */ = {isa = PBXBuildFile; fileRef = 72268CF71E57D2AF00F96DB9 /* WhitneyCondensed-Black.otf */; };
		722BC8651E58D0080038B1D3 /* OverviewBookView.swift in Sources */ = {isa = PBXBuildFile; fileRef = 722BC8641E58D0080038B1D3 /* OverviewBookView.swift */; };
		722BC8671E58FD360038B1D3 /* BookDetailOverlay.swift in Sources */ = {isa = PBXBuildFile; fileRef = 722BC8661E58FD360038B1D3 /* BookDetailOverlay.swift */; };
		722BC8691E58FD4F0038B1D3 /* BookDetailOverlay.xib in Resources */ = {isa = PBXBuildFile; fileRef = 722BC8681E58FD4F0038B1D3 /* BookDetailOverlay.xib */; };
		722BC86B1E59171F0038B1D3 /* UIViewExtension.swift in Sources */ = {isa = PBXBuildFile; fileRef = 722BC86A1E59171F0038B1D3 /* UIViewExtension.swift */; };
		722BC8701E59F84A0038B1D3 /* MyListsCell.swift in Sources */ = {isa = PBXBuildFile; fileRef = 722BC86E1E59F84A0038B1D3 /* MyListsCell.swift */; };
		722BC8711E59F84A0038B1D3 /* MyListsCell.xib in Resources */ = {isa = PBXBuildFile; fileRef = 722BC86F1E59F84A0038B1D3 /* MyListsCell.xib */; };
		722BC8751E5A020D0038B1D3 /* MyListsFooterCell.swift in Sources */ = {isa = PBXBuildFile; fileRef = 722BC8731E5A020D0038B1D3 /* MyListsFooterCell.swift */; };
		722BC8761E5A020D0038B1D3 /* MyListsFooterCell.xib in Resources */ = {isa = PBXBuildFile; fileRef = 722BC8741E5A020D0038B1D3 /* MyListsFooterCell.xib */; };
		722BC8FA1E5A40BF0038B1D3 /* BookJunkie.xcdatamodeld in Sources */ = {isa = PBXBuildFile; fileRef = 722BC8F81E5A40BF0038B1D3 /* BookJunkie.xcdatamodeld */; };
		722BC8FC1E5A5F9E0038B1D3 /* CoreDataManager.swift in Sources */ = {isa = PBXBuildFile; fileRef = 722BC8FB1E5A5F9E0038B1D3 /* CoreDataManager.swift */; };
		722BC8FE1E5B8F3C0038B1D3 /* UITableViewExtension.swift in Sources */ = {isa = PBXBuildFile; fileRef = 722BC8FD1E5B8F3C0038B1D3 /* UITableViewExtension.swift */; };
		722BC9001E5B9A480038B1D3 /* AllListsViewController.swift in Sources */ = {isa = PBXBuildFile; fileRef = 722BC8FF1E5B9A480038B1D3 /* AllListsViewController.swift */; };
		722BC9021E5BE2500038B1D3 /* ListDetailViewController.swift in Sources */ = {isa = PBXBuildFile; fileRef = 722BC9011E5BE2500038B1D3 /* ListDetailViewController.swift */; };
		722BC9041E5BE3730038B1D3 /* BookModel.swift in Sources */ = {isa = PBXBuildFile; fileRef = 722BC9031E5BE3730038B1D3 /* BookModel.swift */; };
		722F939D1E608527009C817D /* MyListDetailsCell.xib in Resources */ = {isa = PBXBuildFile; fileRef = 722F939C1E608527009C817D /* MyListDetailsCell.xib */; };
		722F939F1E60DF89009C817D /* MyListDetailsCell.swift in Sources */ = {isa = PBXBuildFile; fileRef = 722F939E1E60DF89009C817D /* MyListDetailsCell.swift */; };
		722F93A21E613192009C817D /* BooksSubnavigation.swift in Sources */ = {isa = PBXBuildFile; fileRef = 722F93A11E613192009C817D /* BooksSubnavigation.swift */; };
		722F93A41E6131AF009C817D /* BooksSubnavigation.xib in Resources */ = {isa = PBXBuildFile; fileRef = 722F93A31E6131AF009C817D /* BooksSubnavigation.xib */; };
		72D619C81E57E35700A2BFCF /* BookJunkieBaseViewController.swift in Sources */ = {isa = PBXBuildFile; fileRef = 72D619C71E57E35700A2BFCF /* BookJunkieBaseViewController.swift */; };
		72D619CB1E57EB1400A2BFCF /* BottomNavigation.swift in Sources */ = {isa = PBXBuildFile; fileRef = 72D619CA1E57EB1400A2BFCF /* BottomNavigation.swift */; };
		72D619CD1E57EB3A00A2BFCF /* BottomNavigation.xib in Resources */ = {isa = PBXBuildFile; fileRef = 72D619CC1E57EB3A00A2BFCF /* BottomNavigation.xib */; };
		72D619CF1E57F6B900A2BFCF /* ListsViewController.swift in Sources */ = {isa = PBXBuildFile; fileRef = 72D619CE1E57F6B900A2BFCF /* ListsViewController.swift */; };
		72D619D11E57F6D300A2BFCF /* AwardsViewController.swift in Sources */ = {isa = PBXBuildFile; fileRef = 72D619D01E57F6D300A2BFCF /* AwardsViewController.swift */; };
		72D619D31E5803AB00A2BFCF /* BooksViewController.swift in Sources */ = {isa = PBXBuildFile; fileRef = 72D619D21E5803AB00A2BFCF /* BooksViewController.swift */; };
		72D619D51E5815C800A2BFCF /* BooksReadModel.swift in Sources */ = {isa = PBXBuildFile; fileRef = 72D619D41E5815C800A2BFCF /* BooksReadModel.swift */; };
		72D619D81E58955D00A2BFCF /* BundleExtension.swift in Sources */ = {isa = PBXBuildFile; fileRef = 72D619D71E58955D00A2BFCF /* BundleExtension.swift */; };
/* End PBXBuildFile section */

/* Begin PBXContainerItemProxy section */
		72268C871E5641B200F96DB9 /* PBXContainerItemProxy */ = {
			isa = PBXContainerItemProxy;
			containerPortal = 72268C6A1E5641B200F96DB9 /* Project object */;
			proxyType = 1;
			remoteGlobalIDString = 72268C711E5641B200F96DB9;
			remoteInfo = NYTimesChallenge;
		};
		72268C921E5641B200F96DB9 /* PBXContainerItemProxy */ = {
			isa = PBXContainerItemProxy;
			containerPortal = 72268C6A1E5641B200F96DB9 /* Project object */;
			proxyType = 1;
			remoteGlobalIDString = 72268C711E5641B200F96DB9;
			remoteInfo = NYTimesChallenge;
		};
/* End PBXContainerItemProxy section */

/* Begin PBXCopyFilesBuildPhase section */
		72268CE51E56740000F96DB9 /* Embed Frameworks */ = {
			isa = PBXCopyFilesBuildPhase;
			buildActionMask = 2147483647;
			dstPath = "";
			dstSubfolderSpec = 10;
			files = (
			);
			name = "Embed Frameworks";
			runOnlyForDeploymentPostprocessing = 0;
		};
/* End PBXCopyFilesBuildPhase section */

/* Begin PBXFileReference section */
		215A94BEC19A3F4C52F93FD8 /* Pods-NYTimesChallenge.release.xcconfig */ = {isa = PBXFileReference; includeInIndex = 1; lastKnownFileType = text.xcconfig; name = "Pods-NYTimesChallenge.release.xcconfig"; path = "Pods/Target Support Files/Pods-NYTimesChallenge/Pods-NYTimesChallenge.release.xcconfig"; sourceTree = "<group>"; };
		40D7F9C7657466E5E46C7DA2 /* Pods_NYTimesChallenge.framework */ = {isa = PBXFileReference; explicitFileType = wrapper.framework; includeInIndex = 0; path = Pods_NYTimesChallenge.framework; sourceTree = BUILT_PRODUCTS_DIR; };
		72268C721E5641B200F96DB9 /* NYTimesChallenge.app */ = {isa = PBXFileReference; explicitFileType = wrapper.application; includeInIndex = 0; path = NYTimesChallenge.app; sourceTree = BUILT_PRODUCTS_DIR; };
		72268C751E5641B200F96DB9 /* AppDelegate.swift */ = {isa = PBXFileReference; lastKnownFileType = sourcecode.swift; path = AppDelegate.swift; sourceTree = "<group>"; };
		72268C771E5641B200F96DB9 /* HomeViewController.swift */ = {isa = PBXFileReference; lastKnownFileType = sourcecode.swift; path = HomeViewController.swift; sourceTree = "<group>"; };
		72268C7A1E5641B200F96DB9 /* Base */ = {isa = PBXFileReference; lastKnownFileType = file.storyboard; name = Base; path = Base.lproj/Main.storyboard; sourceTree = "<group>"; };
		72268C7C1E5641B200F96DB9 /* Assets.xcassets */ = {isa = PBXFileReference; lastKnownFileType = folder.assetcatalog; path = Assets.xcassets; sourceTree = "<group>"; };
		72268C7F1E5641B200F96DB9 /* Base */ = {isa = PBXFileReference; lastKnownFileType = file.storyboard; name = Base; path = Base.lproj/LaunchScreen.storyboard; sourceTree = "<group>"; };
		72268C811E5641B200F96DB9 /* Info.plist */ = {isa = PBXFileReference; lastKnownFileType = text.plist.xml; path = Info.plist; sourceTree = "<group>"; };
		72268C861E5641B200F96DB9 /* NYTimesChallengeTests.xctest */ = {isa = PBXFileReference; explicitFileType = wrapper.cfbundle; includeInIndex = 0; path = NYTimesChallengeTests.xctest; sourceTree = BUILT_PRODUCTS_DIR; };
		72268C8A1E5641B200F96DB9 /* NYTimesChallengeTests.swift */ = {isa = PBXFileReference; lastKnownFileType = sourcecode.swift; path = NYTimesChallengeTests.swift; sourceTree = "<group>"; };
		72268C8C1E5641B200F96DB9 /* Info.plist */ = {isa = PBXFileReference; lastKnownFileType = text.plist.xml; path = Info.plist; sourceTree = "<group>"; };
		72268C911E5641B200F96DB9 /* NYTimesChallengeUITests.xctest */ = {isa = PBXFileReference; explicitFileType = wrapper.cfbundle; includeInIndex = 0; path = NYTimesChallengeUITests.xctest; sourceTree = BUILT_PRODUCTS_DIR; };
		72268C951E5641B200F96DB9 /* NYTimesChallengeUITests.swift */ = {isa = PBXFileReference; lastKnownFileType = sourcecode.swift; path = NYTimesChallengeUITests.swift; sourceTree = "<group>"; };
		72268C971E5641B200F96DB9 /* Info.plist */ = {isa = PBXFileReference; lastKnownFileType = text.plist.xml; path = Info.plist; sourceTree = "<group>"; };
		72268CA31E56481200F96DB9 /* NYTimesChallenge-Bridging-Header.h */ = {isa = PBXFileReference; lastKnownFileType = sourcecode.c.h; path = "NYTimesChallenge-Bridging-Header.h"; sourceTree = "<group>"; };
		72268CA51E564BAB00F96DB9 /* APICallManager.swift */ = {isa = PBXFileReference; fileEncoding = 4; lastKnownFileType = sourcecode.swift; name = APICallManager.swift; path = manager/APICallManager.swift; sourceTree = "<group>"; };
		72268CA71E56565300F96DB9 /* Keys.plist */ = {isa = PBXFileReference; fileEncoding = 4; lastKnownFileType = text.plist.xml; path = Keys.plist; sourceTree = "<group>"; };
		72268CAA1E5658F200F96DB9 /* AppUtilities.swift */ = {isa = PBXFileReference; fileEncoding = 4; lastKnownFileType = sourcecode.swift; name = AppUtilities.swift; path = utility/AppUtilities.swift; sourceTree = "<group>"; };
		72268CAD1E565BD000F96DB9 /* Config.swift */ = {isa = PBXFileReference; fileEncoding = 4; lastKnownFileType = sourcecode.swift; path = Config.swift; sourceTree = "<group>"; };
		72268CE91E576E1000F96DB9 /* BestSellerListModel.swift */ = {isa = PBXFileReference; fileEncoding = 4; lastKnownFileType = sourcecode.swift; name = BestSellerListModel.swift; path = model/BestSellerListModel.swift; sourceTree = "<group>"; };
		72268CEB1E578C3500F96DB9 /* DataParseManager.swift */ = {isa = PBXFileReference; fileEncoding = 4; lastKnownFileType = sourcecode.swift; name = DataParseManager.swift; path = manager/DataParseManager.swift; sourceTree = "<group>"; };
		72268CED1E57997400F96DB9 /* UserModel.swift */ = {isa = PBXFileReference; fileEncoding = 4; lastKnownFileType = sourcecode.swift; name = UserModel.swift; path = model/UserModel.swift; sourceTree = "<group>"; };
		72268CEF1E57BECD00F96DB9 /* OverviewBookModel.swift */ = {isa = PBXFileReference; fileEncoding = 4; lastKnownFileType = sourcecode.swift; name = OverviewBookModel.swift; path = model/OverviewBookModel.swift; sourceTree = "<group>"; };
		72268CF21E57D2AF00F96DB9 /* WhitneyCondensed-Semibold.otf */ = {isa = PBXFileReference; lastKnownFileType = file; name = "WhitneyCondensed-Semibold.otf"; path = "fonts/WhitneyCondensed-Semibold.otf"; sourceTree = "<group>"; };
		72268CF31E57D2AF00F96DB9 /* WhitneyCondensed-Medium.otf */ = {isa = PBXFileReference; lastKnownFileType = file; name = "WhitneyCondensed-Medium.otf"; path = "fonts/WhitneyCondensed-Medium.otf"; sourceTree = "<group>"; };
		72268CF41E57D2AF00F96DB9 /* WhitneyCondensed-Light.otf */ = {isa = PBXFileReference; lastKnownFileType = file; name = "WhitneyCondensed-Light.otf"; path = "fonts/WhitneyCondensed-Light.otf"; sourceTree = "<group>"; };
		72268CF51E57D2AF00F96DB9 /* WhitneyCondensed-Book.otf */ = {isa = PBXFileReference; lastKnownFileType = file; name = "WhitneyCondensed-Book.otf"; path = "fonts/WhitneyCondensed-Book.otf"; sourceTree = "<group>"; };
		72268CF61E57D2AF00F96DB9 /* WhitneyCondensed-Bold.otf */ = {isa = PBXFileReference; lastKnownFileType = file; name = "WhitneyCondensed-Bold.otf"; path = "fonts/WhitneyCondensed-Bold.otf"; sourceTree = "<group>"; };
		72268CF71E57D2AF00F96DB9 /* WhitneyCondensed-Black.otf */ = {isa = PBXFileReference; lastKnownFileType = file; name = "WhitneyCondensed-Black.otf"; path = "fonts/WhitneyCondensed-Black.otf"; sourceTree = "<group>"; };
		722BC8641E58D0080038B1D3 /* OverviewBookView.swift */ = {isa = PBXFileReference; fileEncoding = 4; lastKnownFileType = sourcecode.swift; name = OverviewBookView.swift; path = koloda_extend/OverviewBookView.swift; sourceTree = "<group>"; };
		722BC8661E58FD360038B1D3 /* BookDetailOverlay.swift */ = {isa = PBXFileReference; fileEncoding = 4; lastKnownFileType = sourcecode.swift; name = BookDetailOverlay.swift; path = "custom-ui/BookDetailOverlay.swift"; sourceTree = "<group>"; };
		722BC8681E58FD4F0038B1D3 /* BookDetailOverlay.xib */ = {isa = PBXFileReference; fileEncoding = 4; lastKnownFileType = file.xib; name = BookDetailOverlay.xib; path = "custom-ui/BookDetailOverlay.xib"; sourceTree = "<group>"; };
		722BC86A1E59171F0038B1D3 /* UIViewExtension.swift */ = {isa = PBXFileReference; fileEncoding = 4; lastKnownFileType = sourcecode.swift; name = UIViewExtension.swift; path = extension/UIViewExtension.swift; sourceTree = "<group>"; };
		722BC86E1E59F84A0038B1D3 /* MyListsCell.swift */ = {isa = PBXFileReference; fileEncoding = 4; lastKnownFileType = sourcecode.swift; name = MyListsCell.swift; path = "custom-ui/MyListsCell.swift"; sourceTree = "<group>"; };
		722BC86F1E59F84A0038B1D3 /* MyListsCell.xib */ = {isa = PBXFileReference; fileEncoding = 4; lastKnownFileType = file.xib; name = MyListsCell.xib; path = "custom-ui/MyListsCell.xib"; sourceTree = "<group>"; };
		722BC8731E5A020D0038B1D3 /* MyListsFooterCell.swift */ = {isa = PBXFileReference; fileEncoding = 4; lastKnownFileType = sourcecode.swift; name = MyListsFooterCell.swift; path = "custom-ui/MyListsFooterCell.swift"; sourceTree = "<group>"; };
		722BC8741E5A020D0038B1D3 /* MyListsFooterCell.xib */ = {isa = PBXFileReference; fileEncoding = 4; lastKnownFileType = file.xib; name = MyListsFooterCell.xib; path = "custom-ui/MyListsFooterCell.xib"; sourceTree = "<group>"; };
		722BC87B1E5A39FA0038B1D3 /* CoreData.framework */ = {isa = PBXFileReference; lastKnownFileType = wrapper.framework; name = CoreData.framework; path = System/Library/Frameworks/CoreData.framework; sourceTree = SDKROOT; };
		722BC8F91E5A40BF0038B1D3 /* BookJunkie.xcdatamodel */ = {isa = PBXFileReference; lastKnownFileType = wrapper.xcdatamodel; path = BookJunkie.xcdatamodel; sourceTree = "<group>"; };
		722BC8FB1E5A5F9E0038B1D3 /* CoreDataManager.swift */ = {isa = PBXFileReference; fileEncoding = 4; lastKnownFileType = sourcecode.swift; name = CoreDataManager.swift; path = manager/CoreDataManager.swift; sourceTree = "<group>"; };
		722BC8FD1E5B8F3C0038B1D3 /* UITableViewExtension.swift */ = {isa = PBXFileReference; fileEncoding = 4; lastKnownFileType = sourcecode.swift; name = UITableViewExtension.swift; path = extension/UITableViewExtension.swift; sourceTree = "<group>"; };
		722BC8FF1E5B9A480038B1D3 /* AllListsViewController.swift */ = {isa = PBXFileReference; fileEncoding = 4; lastKnownFileType = sourcecode.swift; name = AllListsViewController.swift; path = viewcontroller/AllListsViewController.swift; sourceTree = "<group>"; };
		722BC9011E5BE2500038B1D3 /* ListDetailViewController.swift */ = {isa = PBXFileReference; fileEncoding = 4; lastKnownFileType = sourcecode.swift; name = ListDetailViewController.swift; path = viewcontroller/ListDetailViewController.swift; sourceTree = "<group>"; };
		722BC9031E5BE3730038B1D3 /* BookModel.swift */ = {isa = PBXFileReference; fileEncoding = 4; lastKnownFileType = sourcecode.swift; name = BookModel.swift; path = model/BookModel.swift; sourceTree = "<group>"; };
		722F939C1E608527009C817D /* MyListDetailsCell.xib */ = {isa = PBXFileReference; fileEncoding = 4; lastKnownFileType = file.xib; name = MyListDetailsCell.xib; path = "custom-ui/MyListDetailsCell.xib"; sourceTree = "<group>"; };
		722F939E1E60DF89009C817D /* MyListDetailsCell.swift */ = {isa = PBXFileReference; fileEncoding = 4; lastKnownFileType = sourcecode.swift; name = MyListDetailsCell.swift; path = "custom-ui/MyListDetailsCell.swift"; sourceTree = "<group>"; };
		722F93A11E613192009C817D /* BooksSubnavigation.swift */ = {isa = PBXFileReference; fileEncoding = 4; lastKnownFileType = sourcecode.swift; name = BooksSubnavigation.swift; path = "custom-ui/BooksSubnavigation.swift"; sourceTree = "<group>"; };
		722F93A31E6131AF009C817D /* BooksSubnavigation.xib */ = {isa = PBXFileReference; fileEncoding = 4; lastKnownFileType = file.xib; name = BooksSubnavigation.xib; path = "custom-ui/BooksSubnavigation.xib"; sourceTree = "<group>"; };
		72D619C71E57E35700A2BFCF /* BookJunkieBaseViewController.swift */ = {isa = PBXFileReference; fileEncoding = 4; lastKnownFileType = sourcecode.swift; name = BookJunkieBaseViewController.swift; path = viewcontroller/BookJunkieBaseViewController.swift; sourceTree = "<group>"; };
		72D619CA1E57EB1400A2BFCF /* BottomNavigation.swift */ = {isa = PBXFileReference; fileEncoding = 4; lastKnownFileType = sourcecode.swift; name = BottomNavigation.swift; path = "custom-ui/BottomNavigation.swift"; sourceTree = "<group>"; };
		72D619CC1E57EB3A00A2BFCF /* BottomNavigation.xib */ = {isa = PBXFileReference; fileEncoding = 4; lastKnownFileType = file.xib; name = BottomNavigation.xib; path = "custom-ui/BottomNavigation.xib"; sourceTree = "<group>"; };
		72D619CE1E57F6B900A2BFCF /* ListsViewController.swift */ = {isa = PBXFileReference; fileEncoding = 4; lastKnownFileType = sourcecode.swift; name = ListsViewController.swift; path = viewcontroller/ListsViewController.swift; sourceTree = "<group>"; };
		72D619D01E57F6D300A2BFCF /* AwardsViewController.swift */ = {isa = PBXFileReference; fileEncoding = 4; lastKnownFileType = sourcecode.swift; name = AwardsViewController.swift; path = viewcontroller/AwardsViewController.swift; sourceTree = "<group>"; };
		72D619D21E5803AB00A2BFCF /* BooksViewController.swift */ = {isa = PBXFileReference; fileEncoding = 4; lastKnownFileType = sourcecode.swift; name = BooksViewController.swift; path = viewcontroller/BooksViewController.swift; sourceTree = "<group>"; };
		72D619D41E5815C800A2BFCF /* BooksReadModel.swift */ = {isa = PBXFileReference; fileEncoding = 4; lastKnownFileType = sourcecode.swift; name = BooksReadModel.swift; path = model/BooksReadModel.swift; sourceTree = "<group>"; };
		72D619D71E58955D00A2BFCF /* BundleExtension.swift */ = {isa = PBXFileReference; fileEncoding = 4; lastKnownFileType = sourcecode.swift; name = BundleExtension.swift; path = extension/BundleExtension.swift; sourceTree = "<group>"; };
		F26D3B2616D35F1BDED903D4 /* Pods-NYTimesChallenge.debug.xcconfig */ = {isa = PBXFileReference; includeInIndex = 1; lastKnownFileType = text.xcconfig; name = "Pods-NYTimesChallenge.debug.xcconfig"; path = "Pods/Target Support Files/Pods-NYTimesChallenge/Pods-NYTimesChallenge.debug.xcconfig"; sourceTree = "<group>"; };
/* End PBXFileReference section */

/* Begin PBXFrameworksBuildPhase section */
		72268C6F1E5641B200F96DB9 /* Frameworks */ = {
			isa = PBXFrameworksBuildPhase;
			buildActionMask = 2147483647;
			files = (
				68C4A0AB58BCA1E2BFA4D2A4 /* Pods_NYTimesChallenge.framework in Frameworks */,
			);
			runOnlyForDeploymentPostprocessing = 0;
		};
		72268C831E5641B200F96DB9 /* Frameworks */ = {
			isa = PBXFrameworksBuildPhase;
			buildActionMask = 2147483647;
			files = (
			);
			runOnlyForDeploymentPostprocessing = 0;
		};
		72268C8E1E5641B200F96DB9 /* Frameworks */ = {
			isa = PBXFrameworksBuildPhase;
			buildActionMask = 2147483647;
			files = (
			);
			runOnlyForDeploymentPostprocessing = 0;
		};
/* End PBXFrameworksBuildPhase section */

/* Begin PBXGroup section */
		2FBD4250EDFD7A50F647F59B /* Pods */ = {
			isa = PBXGroup;
			children = (
				F26D3B2616D35F1BDED903D4 /* Pods-NYTimesChallenge.debug.xcconfig */,
				215A94BEC19A3F4C52F93FD8 /* Pods-NYTimesChallenge.release.xcconfig */,
			);
			name = Pods;
			sourceTree = "<group>";
		};
		72268C691E5641B200F96DB9 = {
			isa = PBXGroup;
			children = (
				72268C741E5641B200F96DB9 /* NYTimesChallenge */,
				72268C891E5641B200F96DB9 /* NYTimesChallengeTests */,
				72268C941E5641B200F96DB9 /* NYTimesChallengeUITests */,
				72268C731E5641B200F96DB9 /* Products */,
				2FBD4250EDFD7A50F647F59B /* Pods */,
				E6514F814D6A04A2CC44E9C9 /* Frameworks */,
			);
			sourceTree = "<group>";
		};
		72268C731E5641B200F96DB9 /* Products */ = {
			isa = PBXGroup;
			children = (
				72268C721E5641B200F96DB9 /* NYTimesChallenge.app */,
				72268C861E5641B200F96DB9 /* NYTimesChallengeTests.xctest */,
				72268C911E5641B200F96DB9 /* NYTimesChallengeUITests.xctest */,
			);
			name = Products;
			sourceTree = "<group>";
		};
		72268C741E5641B200F96DB9 /* NYTimesChallenge */ = {
			isa = PBXGroup;
			children = (
				72268C751E5641B200F96DB9 /* AppDelegate.swift */,
				72268C791E5641B200F96DB9 /* Main.storyboard */,
				72268C7E1E5641B200F96DB9 /* LaunchScreen.storyboard */,
				72268C7C1E5641B200F96DB9 /* Assets.xcassets */,
				72268CA31E56481200F96DB9 /* NYTimesChallenge-Bridging-Header.h */,
				72268CAC1E565BB700F96DB9 /* config */,
				722BC8F71E5A40520038B1D3 /* core-data */,
				72D619C91E57EAB900A2BFCF /* custom-ui */,
				72D619D61E58952100A2BFCF /* extension */,
				72268CF11E57D29200F96DB9 /* fonts */,
				722BC8631E58CFC60038B1D3 /* koloda_extend */,
				72268CA41E564A0F00F96DB9 /* manager */,
				72268CE81E576A6F00F96DB9 /* model */,
				72268CFF1E57D32E00F96DB9 /* plist */,
				72268CA91E56589D00F96DB9 /* utility */,
				72268CFE1E57D30300F96DB9 /* viewcontroller */,
			);
			path = NYTimesChallenge;
			sourceTree = "<group>";
		};
		72268C891E5641B200F96DB9 /* NYTimesChallengeTests */ = {
			isa = PBXGroup;
			children = (
				72268C8A1E5641B200F96DB9 /* NYTimesChallengeTests.swift */,
				72268C8C1E5641B200F96DB9 /* Info.plist */,
			);
			path = NYTimesChallengeTests;
			sourceTree = "<group>";
		};
		72268C941E5641B200F96DB9 /* NYTimesChallengeUITests */ = {
			isa = PBXGroup;
			children = (
				72268C951E5641B200F96DB9 /* NYTimesChallengeUITests.swift */,
				72268C971E5641B200F96DB9 /* Info.plist */,
			);
			path = NYTimesChallengeUITests;
			sourceTree = "<group>";
		};
		72268CA41E564A0F00F96DB9 /* manager */ = {
			isa = PBXGroup;
			children = (
				72268CA51E564BAB00F96DB9 /* APICallManager.swift */,
				72268CEB1E578C3500F96DB9 /* DataParseManager.swift */,
				722BC8FB1E5A5F9E0038B1D3 /* CoreDataManager.swift */,
			);
			name = manager;
			sourceTree = "<group>";
		};
		72268CA91E56589D00F96DB9 /* utility */ = {
			isa = PBXGroup;
			children = (
				72268CAA1E5658F200F96DB9 /* AppUtilities.swift */,
			);
			name = utility;
			sourceTree = "<group>";
		};
		72268CAC1E565BB700F96DB9 /* config */ = {
			isa = PBXGroup;
			children = (
				72268CAD1E565BD000F96DB9 /* Config.swift */,
			);
			name = config;
			sourceTree = "<group>";
		};
		72268CE81E576A6F00F96DB9 /* model */ = {
			isa = PBXGroup;
			children = (
				72268CE91E576E1000F96DB9 /* BestSellerListModel.swift */,
				722BC9031E5BE3730038B1D3 /* BookModel.swift */,
				72D619D41E5815C800A2BFCF /* BooksReadModel.swift */,
				72268CEF1E57BECD00F96DB9 /* OverviewBookModel.swift */,
				72268CED1E57997400F96DB9 /* UserModel.swift */,
			);
			name = model;
			sourceTree = "<group>";
		};
		72268CF11E57D29200F96DB9 /* fonts */ = {
			isa = PBXGroup;
			children = (
				72268CF21E57D2AF00F96DB9 /* WhitneyCondensed-Semibold.otf */,
				72268CF31E57D2AF00F96DB9 /* WhitneyCondensed-Medium.otf */,
				72268CF41E57D2AF00F96DB9 /* WhitneyCondensed-Light.otf */,
				72268CF51E57D2AF00F96DB9 /* WhitneyCondensed-Book.otf */,
				72268CF61E57D2AF00F96DB9 /* WhitneyCondensed-Bold.otf */,
				72268CF71E57D2AF00F96DB9 /* WhitneyCondensed-Black.otf */,
			);
			name = fonts;
			sourceTree = "<group>";
		};
		72268CFE1E57D30300F96DB9 /* viewcontroller */ = {
			isa = PBXGroup;
			children = (
				72D619C61E57E32100A2BFCF /* base */,
				72268C771E5641B200F96DB9 /* HomeViewController.swift */,
				72D619CE1E57F6B900A2BFCF /* ListsViewController.swift */,
				722BC9011E5BE2500038B1D3 /* ListDetailViewController.swift */,
				722BC8FF1E5B9A480038B1D3 /* AllListsViewController.swift */,
				72D619D01E57F6D300A2BFCF /* AwardsViewController.swift */,
				72D619D21E5803AB00A2BFCF /* BooksViewController.swift */,
			);
			name = viewcontroller;
			sourceTree = "<group>";
		};
		72268CFF1E57D32E00F96DB9 /* plist */ = {
			isa = PBXGroup;
			children = (
				72268C811E5641B200F96DB9 /* Info.plist */,
				72268CA71E56565300F96DB9 /* Keys.plist */,
			);
			name = plist;
			sourceTree = "<group>";
		};
		722BC8631E58CFC60038B1D3 /* koloda_extend */ = {
			isa = PBXGroup;
			children = (
				722BC8641E58D0080038B1D3 /* OverviewBookView.swift */,
			);
			name = koloda_extend;
			sourceTree = "<group>";
		};
		722BC86C1E59F8090038B1D3 /* bottom-nav */ = {
			isa = PBXGroup;
			children = (
				72D619CA1E57EB1400A2BFCF /* BottomNavigation.swift */,
				72D619CC1E57EB3A00A2BFCF /* BottomNavigation.xib */,
			);
			name = "bottom-nav";
			sourceTree = "<group>";
		};
		722BC86D1E59F8190038B1D3 /* detail-overlay */ = {
			isa = PBXGroup;
			children = (
				722BC8661E58FD360038B1D3 /* BookDetailOverlay.swift */,
				722BC8681E58FD4F0038B1D3 /* BookDetailOverlay.xib */,
			);
			name = "detail-overlay";
			sourceTree = "<group>";
		};
		722BC8721E59F8510038B1D3 /* my-lists-cells */ = {
			isa = PBXGroup;
			children = (
				722BC86E1E59F84A0038B1D3 /* MyListsCell.swift */,
				722BC86F1E59F84A0038B1D3 /* MyListsCell.xib */,
				722F939E1E60DF89009C817D /* MyListDetailsCell.swift */,
				722F939C1E608527009C817D /* MyListDetailsCell.xib */,
				722BC8731E5A020D0038B1D3 /* MyListsFooterCell.swift */,
				722BC8741E5A020D0038B1D3 /* MyListsFooterCell.xib */,
			);
			name = "my-lists-cells";
			sourceTree = "<group>";
		};
		722BC8F71E5A40520038B1D3 /* core-data */ = {
			isa = PBXGroup;
			children = (
				722BC8F81E5A40BF0038B1D3 /* BookJunkie.xcdatamodeld */,
			);
			name = "core-data";
			sourceTree = "<group>";
		};
		722F93A01E61316D009C817D /* books-subnav */ = {
			isa = PBXGroup;
			children = (
				722F93A11E613192009C817D /* BooksSubnavigation.swift */,
				722F93A31E6131AF009C817D /* BooksSubnavigation.xib */,
			);
			name = "books-subnav";
			sourceTree = "<group>";
		};
		72D619C61E57E32100A2BFCF /* base */ = {
			isa = PBXGroup;
			children = (
				72D619C71E57E35700A2BFCF /* BookJunkieBaseViewController.swift */,
			);
			name = base;
			sourceTree = "<group>";
		};
		72D619C91E57EAB900A2BFCF /* custom-ui */ = {
			isa = PBXGroup;
			children = (
				722F93A01E61316D009C817D /* books-subnav */,
				722BC86C1E59F8090038B1D3 /* bottom-nav */,
				722BC86D1E59F8190038B1D3 /* detail-overlay */,
				722BC8721E59F8510038B1D3 /* my-lists-cells */,
			);
			name = "custom-ui";
			sourceTree = "<group>";
		};
		72D619D61E58952100A2BFCF /* extension */ = {
			isa = PBXGroup;
			children = (
				72D619D71E58955D00A2BFCF /* BundleExtension.swift */,
				722BC86A1E59171F0038B1D3 /* UIViewExtension.swift */,
				722BC8FD1E5B8F3C0038B1D3 /* UITableViewExtension.swift */,
			);
			name = extension;
			sourceTree = "<group>";
		};
		E6514F814D6A04A2CC44E9C9 /* Frameworks */ = {
			isa = PBXGroup;
			children = (
				722BC87B1E5A39FA0038B1D3 /* CoreData.framework */,
				40D7F9C7657466E5E46C7DA2 /* Pods_NYTimesChallenge.framework */,
			);
			name = Frameworks;
			sourceTree = "<group>";
		};
/* End PBXGroup section */

/* Begin PBXNativeTarget section */
		72268C711E5641B200F96DB9 /* NYTimesChallenge */ = {
			isa = PBXNativeTarget;
			buildConfigurationList = 72268C9A1E5641B200F96DB9 /* Build configuration list for PBXNativeTarget "NYTimesChallenge" */;
			buildPhases = (
				261EE190277B31ACFA7F023C /* [CP] Check Pods Manifest.lock */,
				72268C6E1E5641B200F96DB9 /* Sources */,
				72268C6F1E5641B200F96DB9 /* Frameworks */,
				72268C701E5641B200F96DB9 /* Resources */,
				AAF817BAD59463A9515028A6 /* [CP] Embed Pods Frameworks */,
				B903D847AAF823FEBB2CD9BE /* [CP] Copy Pods Resources */,
				72268CE51E56740000F96DB9 /* Embed Frameworks */,
			);
			buildRules = (
			);
			dependencies = (
			);
			name = NYTimesChallenge;
			productName = NYTimesChallenge;
			productReference = 72268C721E5641B200F96DB9 /* NYTimesChallenge.app */;
			productType = "com.apple.product-type.application";
		};
		72268C851E5641B200F96DB9 /* NYTimesChallengeTests */ = {
			isa = PBXNativeTarget;
			buildConfigurationList = 72268C9D1E5641B200F96DB9 /* Build configuration list for PBXNativeTarget "NYTimesChallengeTests" */;
			buildPhases = (
				72268C821E5641B200F96DB9 /* Sources */,
				72268C831E5641B200F96DB9 /* Frameworks */,
				72268C841E5641B200F96DB9 /* Resources */,
			);
			buildRules = (
			);
			dependencies = (
				72268C881E5641B200F96DB9 /* PBXTargetDependency */,
			);
			name = NYTimesChallengeTests;
			productName = NYTimesChallengeTests;
			productReference = 72268C861E5641B200F96DB9 /* NYTimesChallengeTests.xctest */;
			productType = "com.apple.product-type.bundle.unit-test";
		};
		72268C901E5641B200F96DB9 /* NYTimesChallengeUITests */ = {
			isa = PBXNativeTarget;
			buildConfigurationList = 72268CA01E5641B200F96DB9 /* Build configuration list for PBXNativeTarget "NYTimesChallengeUITests" */;
			buildPhases = (
				72268C8D1E5641B200F96DB9 /* Sources */,
				72268C8E1E5641B200F96DB9 /* Frameworks */,
				72268C8F1E5641B200F96DB9 /* Resources */,
			);
			buildRules = (
			);
			dependencies = (
				72268C931E5641B200F96DB9 /* PBXTargetDependency */,
			);
			name = NYTimesChallengeUITests;
			productName = NYTimesChallengeUITests;
			productReference = 72268C911E5641B200F96DB9 /* NYTimesChallengeUITests.xctest */;
			productType = "com.apple.product-type.bundle.ui-testing";
		};
/* End PBXNativeTarget section */

/* Begin PBXProject section */
		72268C6A1E5641B200F96DB9 /* Project object */ = {
			isa = PBXProject;
			attributes = {
				LastSwiftUpdateCheck = 0820;
				LastUpgradeCheck = 0820;
				ORGANIZATIONNAME = "Brian Maci";
				TargetAttributes = {
					72268C711E5641B200F96DB9 = {
						CreatedOnToolsVersion = 8.2.1;
						DevelopmentTeam = MF94FJYR24;
						ProvisioningStyle = Automatic;
					};
					72268C851E5641B200F96DB9 = {
						CreatedOnToolsVersion = 8.2.1;
						DevelopmentTeam = MF94FJYR24;
						ProvisioningStyle = Automatic;
						TestTargetID = 72268C711E5641B200F96DB9;
					};
					72268C901E5641B200F96DB9 = {
						CreatedOnToolsVersion = 8.2.1;
						DevelopmentTeam = MF94FJYR24;
						ProvisioningStyle = Automatic;
						TestTargetID = 72268C711E5641B200F96DB9;
					};
				};
			};
			buildConfigurationList = 72268C6D1E5641B200F96DB9 /* Build configuration list for PBXProject "NYTimesChallenge" */;
			compatibilityVersion = "Xcode 3.2";
			developmentRegion = English;
			hasScannedForEncodings = 0;
			knownRegions = (
				en,
				Base,
			);
			mainGroup = 72268C691E5641B200F96DB9;
			productRefGroup = 72268C731E5641B200F96DB9 /* Products */;
			projectDirPath = "";
			projectRoot = "";
			targets = (
				72268C711E5641B200F96DB9 /* NYTimesChallenge */,
				72268C851E5641B200F96DB9 /* NYTimesChallengeTests */,
				72268C901E5641B200F96DB9 /* NYTimesChallengeUITests */,
			);
		};
/* End PBXProject section */

/* Begin PBXResourcesBuildPhase section */
		72268C701E5641B200F96DB9 /* Resources */ = {
			isa = PBXResourcesBuildPhase;
			buildActionMask = 2147483647;
			files = (
				72268CA81E56565300F96DB9 /* Keys.plist in Resources */,
				72268CFC1E57D2AF00F96DB9 /* WhitneyCondensed-Bold.otf in Resources */,
				72268CFD1E57D2AF00F96DB9 /* WhitneyCondensed-Black.otf in Resources */,
				72268C801E5641B200F96DB9 /* LaunchScreen.storyboard in Resources */,
				722BC8761E5A020D0038B1D3 /* MyListsFooterCell.xib in Resources */,
				72268C7D1E5641B200F96DB9 /* Assets.xcassets in Resources */,
				72268CFB1E57D2AF00F96DB9 /* WhitneyCondensed-Book.otf in Resources */,
				722BC8691E58FD4F0038B1D3 /* BookDetailOverlay.xib in Resources */,
				72268C7B1E5641B200F96DB9 /* Main.storyboard in Resources */,
				72268CF81E57D2AF00F96DB9 /* WhitneyCondensed-Semibold.otf in Resources */,
				72268CFA1E57D2AF00F96DB9 /* WhitneyCondensed-Light.otf in Resources */,
				72268CF91E57D2AF00F96DB9 /* WhitneyCondensed-Medium.otf in Resources */,
				722BC8711E59F84A0038B1D3 /* MyListsCell.xib in Resources */,
				72D619CD1E57EB3A00A2BFCF /* BottomNavigation.xib in Resources */,
				722F939D1E608527009C817D /* MyListDetailsCell.xib in Resources */,
				722F93A41E6131AF009C817D /* BooksSubnavigation.xib in Resources */,
			);
			runOnlyForDeploymentPostprocessing = 0;
		};
		72268C841E5641B200F96DB9 /* Resources */ = {
			isa = PBXResourcesBuildPhase;
			buildActionMask = 2147483647;
			files = (
			);
			runOnlyForDeploymentPostprocessing = 0;
		};
		72268C8F1E5641B200F96DB9 /* Resources */ = {
			isa = PBXResourcesBuildPhase;
			buildActionMask = 2147483647;
			files = (
			);
			runOnlyForDeploymentPostprocessing = 0;
		};
/* End PBXResourcesBuildPhase section */

/* Begin PBXShellScriptBuildPhase section */
		261EE190277B31ACFA7F023C /* [CP] Check Pods Manifest.lock */ = {
			isa = PBXShellScriptBuildPhase;
			buildActionMask = 2147483647;
			files = (
			);
			inputPaths = (
			);
			name = "[CP] Check Pods Manifest.lock";
			outputPaths = (
			);
			runOnlyForDeploymentPostprocessing = 0;
			shellPath = /bin/sh;
			shellScript = "diff \"${PODS_ROOT}/../Podfile.lock\" \"${PODS_ROOT}/Manifest.lock\" > /dev/null\nif [ $? != 0 ] ; then\n    # print error to STDERR\n    echo \"error: The sandbox is not in sync with the Podfile.lock. Run 'pod install' or update your CocoaPods installation.\" >&2\n    exit 1\nfi\n";
			showEnvVarsInLog = 0;
		};
		AAF817BAD59463A9515028A6 /* [CP] Embed Pods Frameworks */ = {
			isa = PBXShellScriptBuildPhase;
			buildActionMask = 2147483647;
			files = (
			);
			inputPaths = (
			);
			name = "[CP] Embed Pods Frameworks";
			outputPaths = (
			);
			runOnlyForDeploymentPostprocessing = 0;
			shellPath = /bin/sh;
			shellScript = "\"${SRCROOT}/Pods/Target Support Files/Pods-NYTimesChallenge/Pods-NYTimesChallenge-frameworks.sh\"\n";
			showEnvVarsInLog = 0;
		};
		B903D847AAF823FEBB2CD9BE /* [CP] Copy Pods Resources */ = {
			isa = PBXShellScriptBuildPhase;
			buildActionMask = 2147483647;
			files = (
			);
			inputPaths = (
			);
			name = "[CP] Copy Pods Resources";
			outputPaths = (
			);
			runOnlyForDeploymentPostprocessing = 0;
			shellPath = /bin/sh;
			shellScript = "\"${SRCROOT}/Pods/Target Support Files/Pods-NYTimesChallenge/Pods-NYTimesChallenge-resources.sh\"\n";
			showEnvVarsInLog = 0;
		};
/* End PBXShellScriptBuildPhase section */

/* Begin PBXSourcesBuildPhase section */
		72268C6E1E5641B200F96DB9 /* Sources */ = {
			isa = PBXSourcesBuildPhase;
			buildActionMask = 2147483647;
			files = (
				722BC8651E58D0080038B1D3 /* OverviewBookView.swift in Sources */,
				72268CF01E57BECD00F96DB9 /* OverviewBookModel.swift in Sources */,
				72268C781E5641B200F96DB9 /* HomeViewController.swift in Sources */,
				722BC9001E5B9A480038B1D3 /* AllListsViewController.swift in Sources */,
				722BC8FE1E5B8F3C0038B1D3 /* UITableViewExtension.swift in Sources */,
				72D619CF1E57F6B900A2BFCF /* ListsViewController.swift in Sources */,
				72268CEC1E578C3500F96DB9 /* DataParseManager.swift in Sources */,
				72268CEE1E57997400F96DB9 /* UserModel.swift in Sources */,
				72D619C81E57E35700A2BFCF /* BookJunkieBaseViewController.swift in Sources */,
				72268CA61E564BAB00F96DB9 /* APICallManager.swift in Sources */,
				722BC8FC1E5A5F9E0038B1D3 /* CoreDataManager.swift in Sources */,
				72D619D81E58955D00A2BFCF /* BundleExtension.swift in Sources */,
				72D619D11E57F6D300A2BFCF /* AwardsViewController.swift in Sources */,
				72268CEA1E576E1000F96DB9 /* BestSellerListModel.swift in Sources */,
				722F93A21E613192009C817D /* BooksSubnavigation.swift in Sources */,
				72268CAE1E565BD000F96DB9 /* Config.swift in Sources */,
				72D619CB1E57EB1400A2BFCF /* BottomNavigation.swift in Sources */,
				722BC86B1E59171F0038B1D3 /* UIViewExtension.swift in Sources */,
				72268CAB1E5658F200F96DB9 /* AppUtilities.swift in Sources */,
				72268C761E5641B200F96DB9 /* AppDelegate.swift in Sources */,
				72D619D31E5803AB00A2BFCF /* BooksViewController.swift in Sources */,
				722BC8701E59F84A0038B1D3 /* MyListsCell.swift in Sources */,
				722BC8FA1E5A40BF0038B1D3 /* BookJunkie.xcdatamodeld in Sources */,
				722F939F1E60DF89009C817D /* MyListDetailsCell.swift in Sources */,
				722BC9041E5BE3730038B1D3 /* BookModel.swift in Sources */,
				722BC8671E58FD360038B1D3 /* BookDetailOverlay.swift in Sources */,
				722BC9021E5BE2500038B1D3 /* ListDetailViewController.swift in Sources */,
				72D619D51E5815C800A2BFCF /* BooksReadModel.swift in Sources */,
				722BC8751E5A020D0038B1D3 /* MyListsFooterCell.swift in Sources */,
			);
			runOnlyForDeploymentPostprocessing = 0;
		};
		72268C821E5641B200F96DB9 /* Sources */ = {
			isa = PBXSourcesBuildPhase;
			buildActionMask = 2147483647;
			files = (
				72268C8B1E5641B200F96DB9 /* NYTimesChallengeTests.swift in Sources */,
			);
			runOnlyForDeploymentPostprocessing = 0;
		};
		72268C8D1E5641B200F96DB9 /* Sources */ = {
			isa = PBXSourcesBuildPhase;
			buildActionMask = 2147483647;
			files = (
				72268C961E5641B200F96DB9 /* NYTimesChallengeUITests.swift in Sources */,
			);
			runOnlyForDeploymentPostprocessing = 0;
		};
/* End PBXSourcesBuildPhase section */

/* Begin PBXTargetDependency section */
		72268C881E5641B200F96DB9 /* PBXTargetDependency */ = {
			isa = PBXTargetDependency;
			target = 72268C711E5641B200F96DB9 /* NYTimesChallenge */;
			targetProxy = 72268C871E5641B200F96DB9 /* PBXContainerItemProxy */;
		};
		72268C931E5641B200F96DB9 /* PBXTargetDependency */ = {
			isa = PBXTargetDependency;
			target = 72268C711E5641B200F96DB9 /* NYTimesChallenge */;
			targetProxy = 72268C921E5641B200F96DB9 /* PBXContainerItemProxy */;
		};
/* End PBXTargetDependency section */

/* Begin PBXVariantGroup section */
		72268C791E5641B200F96DB9 /* Main.storyboard */ = {
			isa = PBXVariantGroup;
			children = (
				72268C7A1E5641B200F96DB9 /* Base */,
			);
			name = Main.storyboard;
			sourceTree = "<group>";
		};
		72268C7E1E5641B200F96DB9 /* LaunchScreen.storyboard */ = {
			isa = PBXVariantGroup;
			children = (
				72268C7F1E5641B200F96DB9 /* Base */,
			);
			name = LaunchScreen.storyboard;
			sourceTree = "<group>";
		};
/* End PBXVariantGroup section */

/* Begin XCBuildConfiguration section */
		72268C981E5641B200F96DB9 /* Debug */ = {
			isa = XCBuildConfiguration;
			buildSettings = {
				ALWAYS_SEARCH_USER_PATHS = NO;
				CLANG_ANALYZER_NONNULL = YES;
				CLANG_CXX_LANGUAGE_STANDARD = "gnu++0x";
				CLANG_CXX_LIBRARY = "libc++";
				CLANG_ENABLE_MODULES = YES;
				CLANG_ENABLE_OBJC_ARC = YES;
				CLANG_WARN_BOOL_CONVERSION = YES;
				CLANG_WARN_CONSTANT_CONVERSION = YES;
				CLANG_WARN_DIRECT_OBJC_ISA_USAGE = YES_ERROR;
				CLANG_WARN_DOCUMENTATION_COMMENTS = YES;
				CLANG_WARN_EMPTY_BODY = YES;
				CLANG_WARN_ENUM_CONVERSION = YES;
				CLANG_WARN_INFINITE_RECURSION = YES;
				CLANG_WARN_INT_CONVERSION = YES;
				CLANG_WARN_OBJC_ROOT_CLASS = YES_ERROR;
				CLANG_WARN_SUSPICIOUS_MOVE = YES;
				CLANG_WARN_UNREACHABLE_CODE = YES;
				CLANG_WARN__DUPLICATE_METHOD_MATCH = YES;
				"CODE_SIGN_IDENTITY[sdk=iphoneos*]" = "iPhone Developer";
				COPY_PHASE_STRIP = NO;
				DEBUG_INFORMATION_FORMAT = dwarf;
				ENABLE_STRICT_OBJC_MSGSEND = YES;
				ENABLE_TESTABILITY = YES;
				GCC_C_LANGUAGE_STANDARD = gnu99;
				GCC_DYNAMIC_NO_PIC = NO;
				GCC_NO_COMMON_BLOCKS = YES;
				GCC_OPTIMIZATION_LEVEL = 0;
				GCC_PREPROCESSOR_DEFINITIONS = (
					"DEBUG=1",
					"$(inherited)",
				);
				GCC_WARN_64_TO_32_BIT_CONVERSION = YES;
				GCC_WARN_ABOUT_RETURN_TYPE = YES_ERROR;
				GCC_WARN_UNDECLARED_SELECTOR = YES;
				GCC_WARN_UNINITIALIZED_AUTOS = YES_AGGRESSIVE;
				GCC_WARN_UNUSED_FUNCTION = YES;
				GCC_WARN_UNUSED_VARIABLE = YES;
				IPHONEOS_DEPLOYMENT_TARGET = 9.0;
				MTL_ENABLE_DEBUG_INFO = YES;
				ONLY_ACTIVE_ARCH = YES;
				SDKROOT = iphoneos;
				SWIFT_ACTIVE_COMPILATION_CONDITIONS = DEBUG;
				SWIFT_OPTIMIZATION_LEVEL = "-Onone";
			};
			name = Debug;
		};
		72268C991E5641B200F96DB9 /* Release */ = {
			isa = XCBuildConfiguration;
			buildSettings = {
				ALWAYS_SEARCH_USER_PATHS = NO;
				CLANG_ANALYZER_NONNULL = YES;
				CLANG_CXX_LANGUAGE_STANDARD = "gnu++0x";
				CLANG_CXX_LIBRARY = "libc++";
				CLANG_ENABLE_MODULES = YES;
				CLANG_ENABLE_OBJC_ARC = YES;
				CLANG_WARN_BOOL_CONVERSION = YES;
				CLANG_WARN_CONSTANT_CONVERSION = YES;
				CLANG_WARN_DIRECT_OBJC_ISA_USAGE = YES_ERROR;
				CLANG_WARN_DOCUMENTATION_COMMENTS = YES;
				CLANG_WARN_EMPTY_BODY = YES;
				CLANG_WARN_ENUM_CONVERSION = YES;
				CLANG_WARN_INFINITE_RECURSION = YES;
				CLANG_WARN_INT_CONVERSION = YES;
				CLANG_WARN_OBJC_ROOT_CLASS = YES_ERROR;
				CLANG_WARN_SUSPICIOUS_MOVE = YES;
				CLANG_WARN_UNREACHABLE_CODE = YES;
				CLANG_WARN__DUPLICATE_METHOD_MATCH = YES;
				"CODE_SIGN_IDENTITY[sdk=iphoneos*]" = "iPhone Developer";
				COPY_PHASE_STRIP = NO;
				DEBUG_INFORMATION_FORMAT = "dwarf-with-dsym";
				ENABLE_NS_ASSERTIONS = NO;
				ENABLE_STRICT_OBJC_MSGSEND = YES;
				GCC_C_LANGUAGE_STANDARD = gnu99;
				GCC_NO_COMMON_BLOCKS = YES;
				GCC_WARN_64_TO_32_BIT_CONVERSION = YES;
				GCC_WARN_ABOUT_RETURN_TYPE = YES_ERROR;
				GCC_WARN_UNDECLARED_SELECTOR = YES;
				GCC_WARN_UNINITIALIZED_AUTOS = YES_AGGRESSIVE;
				GCC_WARN_UNUSED_FUNCTION = YES;
				GCC_WARN_UNUSED_VARIABLE = YES;
				IPHONEOS_DEPLOYMENT_TARGET = 9.0;
				MTL_ENABLE_DEBUG_INFO = NO;
				SDKROOT = iphoneos;
				SWIFT_OPTIMIZATION_LEVEL = "-Owholemodule";
				VALIDATE_PRODUCT = YES;
			};
			name = Release;
		};
		72268C9B1E5641B200F96DB9 /* Debug */ = {
			isa = XCBuildConfiguration;
			baseConfigurationReference = F26D3B2616D35F1BDED903D4 /* Pods-NYTimesChallenge.debug.xcconfig */;
			buildSettings = {
				ALWAYS_EMBED_SWIFT_STANDARD_LIBRARIES = YES;
				ASSETCATALOG_COMPILER_APPICON_NAME = AppIcon;
				DEVELOPMENT_TEAM = MF94FJYR24;
				INFOPLIST_FILE = NYTimesChallenge/Info.plist;
				IPHONEOS_DEPLOYMENT_TARGET = 9.0;
				LD_RUNPATH_SEARCH_PATHS = "$(inherited) @executable_path/Frameworks";
				PRODUCT_BUNDLE_IDENTIFIER = com.briancmaci.NYTimesChallenge;
				PRODUCT_NAME = "$(TARGET_NAME)";
				SWIFT_OBJC_BRIDGING_HEADER = "NYTimesChallenge/NYTimesChallenge-Bridging-Header.h";
				SWIFT_VERSION = 3.0;
			};
			name = Debug;
		};
		72268C9C1E5641B200F96DB9 /* Release */ = {
			isa = XCBuildConfiguration;
			baseConfigurationReference = 215A94BEC19A3F4C52F93FD8 /* Pods-NYTimesChallenge.release.xcconfig */;
			buildSettings = {
				ALWAYS_EMBED_SWIFT_STANDARD_LIBRARIES = YES;
				ASSETCATALOG_COMPILER_APPICON_NAME = AppIcon;
				DEVELOPMENT_TEAM = MF94FJYR24;
				INFOPLIST_FILE = NYTimesChallenge/Info.plist;
				IPHONEOS_DEPLOYMENT_TARGET = 9.0;
				LD_RUNPATH_SEARCH_PATHS = "$(inherited) @executable_path/Frameworks";
				PRODUCT_BUNDLE_IDENTIFIER = com.briancmaci.NYTimesChallenge;
				PRODUCT_NAME = "$(TARGET_NAME)";
				SWIFT_OBJC_BRIDGING_HEADER = "NYTimesChallenge/NYTimesChallenge-Bridging-Header.h";
				SWIFT_VERSION = 3.0;
			};
			name = Release;
		};
		72268C9E1E5641B200F96DB9 /* Debug */ = {
			isa = XCBuildConfiguration;
			buildSettings = {
				ALWAYS_EMBED_SWIFT_STANDARD_LIBRARIES = YES;
				BUNDLE_LOADER = "$(TEST_HOST)";
				DEVELOPMENT_TEAM = MF94FJYR24;
				INFOPLIST_FILE = NYTimesChallengeTests/Info.plist;
				LD_RUNPATH_SEARCH_PATHS = "$(inherited) @executable_path/Frameworks @loader_path/Frameworks";
				PRODUCT_BUNDLE_IDENTIFIER = com.briancmaci.NYTimesChallengeTests;
				PRODUCT_NAME = "$(TARGET_NAME)";
				SWIFT_VERSION = 3.0;
				TEST_HOST = "$(BUILT_PRODUCTS_DIR)/NYTimesChallenge.app/NYTimesChallenge";
			};
			name = Debug;
		};
		72268C9F1E5641B200F96DB9 /* Release */ = {
			isa = XCBuildConfiguration;
			buildSettings = {
				ALWAYS_EMBED_SWIFT_STANDARD_LIBRARIES = YES;
				BUNDLE_LOADER = "$(TEST_HOST)";
				DEVELOPMENT_TEAM = MF94FJYR24;
				INFOPLIST_FILE = NYTimesChallengeTests/Info.plist;
				LD_RUNPATH_SEARCH_PATHS = "$(inherited) @executable_path/Frameworks @loader_path/Frameworks";
				PRODUCT_BUNDLE_IDENTIFIER = com.briancmaci.NYTimesChallengeTests;
				PRODUCT_NAME = "$(TARGET_NAME)";
				SWIFT_VERSION = 3.0;
				TEST_HOST = "$(BUILT_PRODUCTS_DIR)/NYTimesChallenge.app/NYTimesChallenge";
			};
			name = Release;
		};
		72268CA11E5641B200F96DB9 /* Debug */ = {
			isa = XCBuildConfiguration;
			buildSettings = {
				ALWAYS_EMBED_SWIFT_STANDARD_LIBRARIES = YES;
				DEVELOPMENT_TEAM = MF94FJYR24;
				INFOPLIST_FILE = NYTimesChallengeUITests/Info.plist;
				LD_RUNPATH_SEARCH_PATHS = "$(inherited) @executable_path/Frameworks @loader_path/Frameworks";
				PRODUCT_BUNDLE_IDENTIFIER = com.briancmaci.NYTimesChallengeUITests;
				PRODUCT_NAME = "$(TARGET_NAME)";
				SWIFT_VERSION = 3.0;
				TEST_TARGET_NAME = NYTimesChallenge;
			};
			name = Debug;
		};
		72268CA21E5641B200F96DB9 /* Release */ = {
			isa = XCBuildConfiguration;
			buildSettings = {
				ALWAYS_EMBED_SWIFT_STANDARD_LIBRARIES = YES;
				DEVELOPMENT_TEAM = MF94FJYR24;
				INFOPLIST_FILE = NYTimesChallengeUITests/Info.plist;
				LD_RUNPATH_SEARCH_PATHS = "$(inherited) @executable_path/Frameworks @loader_path/Frameworks";
				PRODUCT_BUNDLE_IDENTIFIER = com.briancmaci.NYTimesChallengeUITests;
				PRODUCT_NAME = "$(TARGET_NAME)";
				SWIFT_VERSION = 3.0;
				TEST_TARGET_NAME = NYTimesChallenge;
			};
			name = Release;
		};
/* End XCBuildConfiguration section */

/* Begin XCConfigurationList section */
		72268C6D1E5641B200F96DB9 /* Build configuration list for PBXProject "NYTimesChallenge" */ = {
			isa = XCConfigurationList;
			buildConfigurations = (
				72268C981E5641B200F96DB9 /* Debug */,
				72268C991E5641B200F96DB9 /* Release */,
			);
			defaultConfigurationIsVisible = 0;
			defaultConfigurationName = Release;
		};
		72268C9A1E5641B200F96DB9 /* Build configuration list for PBXNativeTarget "NYTimesChallenge" */ = {
			isa = XCConfigurationList;
			buildConfigurations = (
				72268C9B1E5641B200F96DB9 /* Debug */,
				72268C9C1E5641B200F96DB9 /* Release */,
			);
			defaultConfigurationIsVisible = 0;
			defaultConfigurationName = Release;
		};
		72268C9D1E5641B200F96DB9 /* Build configuration list for PBXNativeTarget "NYTimesChallengeTests" */ = {
			isa = XCConfigurationList;
			buildConfigurations = (
				72268C9E1E5641B200F96DB9 /* Debug */,
				72268C9F1E5641B200F96DB9 /* Release */,
			);
			defaultConfigurationIsVisible = 0;
			defaultConfigurationName = Release;
		};
		72268CA01E5641B200F96DB9 /* Build configuration list for PBXNativeTarget "NYTimesChallengeUITests" */ = {
			isa = XCConfigurationList;
			buildConfigurations = (
				72268CA11E5641B200F96DB9 /* Debug */,
				72268CA21E5641B200F96DB9 /* Release */,
			);
			defaultConfigurationIsVisible = 0;
			defaultConfigurationName = Release;
		};
/* End XCConfigurationList section */

/* Begin XCVersionGroup section */
		722BC8F81E5A40BF0038B1D3 /* BookJunkie.xcdatamodeld */ = {
			isa = XCVersionGroup;
			children = (
				722BC8F91E5A40BF0038B1D3 /* BookJunkie.xcdatamodel */,
			);
			currentVersion = 722BC8F91E5A40BF0038B1D3 /* BookJunkie.xcdatamodel */;
			name = BookJunkie.xcdatamodeld;
			path = "core-data/BookJunkie.xcdatamodeld";
			sourceTree = "<group>";
			versionGroupType = wrapper.xcdatamodel;
		};
/* End XCVersionGroup section */
	};
	rootObject = 72268C6A1E5641B200F96DB9 /* Project object */;
}
